
Microsoft Visual Studio Solution File, Format Version 12.00
# Visual Studio 15
VisualStudioVersion = 15.0.28307.421
MinimumVisualStudioVersion = 10.0.40219.1
Project("{FAE04EC0-301F-11D3-BF4B-00C04F79EFBC}") = "Music Player Project", "Music Player Project\Music Player Project.csproj", "{6074533C-AB71-4A59-8143-A9046850E9FE}"
EndProject
Global
	GlobalSection(SolutionConfigurationPlatforms) = preSolution
		Debug|Any CPU = Debug|Any CPU
		Release|Any CPU = Release|Any CPU
	EndGlobalSection
	GlobalSection(ProjectConfigurationPlatforms) = postSolution
		{6074533C-AB71-4A59-8143-A9046850E9FE}.Debug|Any CPU.ActiveCfg = Debug|Any CPU
		{6074533C-AB71-4A59-8143-A9046850E9FE}.Debug|Any CPU.Build.0 = Debug|Any CPU
		{6074533C-AB71-4A59-8143-A9046850E9FE}.Release|Any CPU.ActiveCfg = Release|Any CPU
		{6074533C-AB71-4A59-8143-A9046850E9FE}.Release|Any CPU.Build.0 = Release|Any CPU
	EndGlobalSection
	GlobalSection(SolutionProperties) = preSolution
		HideSolutionNode = FALSE
	EndGlobalSection
	GlobalSection(ExtensibilityGlobals) = postSolution
		SolutionGuid = {D5F07871-938A-403B-A28C-6F6F7DE3658D}
	EndGlobalSection
EndGlobal
